
Microsoft Visual Studio Solution File, Format Version 12.00
# Visual Studio Version 17
VisualStudioVersion = 17.12.35527.113 d17.12
MinimumVisualStudioVersion = 10.0.40219.1
Project("{FAE04EC0-301F-11D3-BF4B-00C04F79EFBC}") = "SignalRDemo", "SignalRDemo\SignalRDemo\SignalRDemo.csproj", "{296761D7-2412-45AD-BAB7-C9A6F5A1AFE3}"
EndProject
Project("{FAE04EC0-301F-11D3-BF4B-00C04F79EFBC}") = "SignalRDemo.Client", "SignalRDemo\SignalRDemo.Client\SignalRDemo.Client.csproj", "{205A001C-A367-4378-8D7B-8E7C50B8BF4B}"
EndProject
Global
	GlobalSection(SolutionConfigurationPlatforms) = preSolution
		Debug|Any CPU = Debug|Any CPU
		Release|Any CPU = Release|Any CPU
	EndGlobalSection
	GlobalSection(ProjectConfigurationPlatforms) = postSolution
		{296761D7-2412-45AD-BAB7-C9A6F5A1AFE3}.Debug|Any CPU.ActiveCfg = Debug|Any CPU
		{296761D7-2412-45AD-BAB7-C9A6F5A1AFE3}.Debug|Any CPU.Build.0 = Debug|Any CPU
		{296761D7-2412-45AD-BAB7-C9A6F5A1AFE3}.Release|Any CPU.ActiveCfg = Release|Any CPU
		{296761D7-2412-45AD-BAB7-C9A6F5A1AFE3}.Release|Any CPU.Build.0 = Release|Any CPU
		{205A001C-A367-4378-8D7B-8E7C50B8BF4B}.Debug|Any CPU.ActiveCfg = Debug|Any CPU
		{205A001C-A367-4378-8D7B-8E7C50B8BF4B}.Debug|Any CPU.Build.0 = Debug|Any CPU
		{205A001C-A367-4378-8D7B-8E7C50B8BF4B}.Release|Any CPU.ActiveCfg = Release|Any CPU
		{205A001C-A367-4378-8D7B-8E7C50B8BF4B}.Release|Any CPU.Build.0 = Release|Any CPU
	EndGlobalSection
	GlobalSection(SolutionProperties) = preSolution
		HideSolutionNode = FALSE
	EndGlobalSection
EndGlobal
