
Microsoft Visual Studio Solution File, Format Version 12.00
# Visual Studio Version 17
VisualStudioVersion = 17.12.35527.113
MinimumVisualStudioVersion = 10.0.40219.1
Project("{FAE04EC0-301F-11D3-BF4B-00C04F79EFBC}") = "MVCDemo", "MVCDemo\MVCDemo.csproj", "{3E7948C8-354E-4604-B86C-3935A67919BA}"
EndProject
Project("{FAE04EC0-301F-11D3-BF4B-00C04F79EFBC}") = "MVCDemo.AppHost", "MVCDemo.AppHost\MVCDemo.AppHost.csproj", "{572792C9-B571-4B4A-9980-23A1B6A10775}"
EndProject
Project("{FAE04EC0-301F-11D3-BF4B-00C04F79EFBC}") = "MVCDemo.ServiceDefaults", "MVCDemo.ServiceDefaults\MVCDemo.ServiceDefaults.csproj", "{2368B849-AA5D-43FF-9B08-221B10694FDC}"
EndProject
Project("{FAE04EC0-301F-11D3-BF4B-00C04F79EFBC}") = "MVCDemo.Data", "MVCDemo.Data\MVCDemo.Data.csproj", "{C9960995-EFA3-43D0-932D-7AB3C4582FD5}"
EndProject
Global
	GlobalSection(SolutionConfigurationPlatforms) = preSolution
		Debug|Any CPU = Debug|Any CPU
		Release|Any CPU = Release|Any CPU
	EndGlobalSection
	GlobalSection(ProjectConfigurationPlatforms) = postSolution
		{3E7948C8-354E-4604-B86C-3935A67919BA}.Debug|Any CPU.ActiveCfg = Debug|Any CPU
		{3E7948C8-354E-4604-B86C-3935A67919BA}.Debug|Any CPU.Build.0 = Debug|Any CPU
		{3E7948C8-354E-4604-B86C-3935A67919BA}.Release|Any CPU.ActiveCfg = Release|Any CPU
		{3E7948C8-354E-4604-B86C-3935A67919BA}.Release|Any CPU.Build.0 = Release|Any CPU
		{572792C9-B571-4B4A-9980-23A1B6A10775}.Debug|Any CPU.ActiveCfg = Debug|Any CPU
		{572792C9-B571-4B4A-9980-23A1B6A10775}.Debug|Any CPU.Build.0 = Debug|Any CPU
		{572792C9-B571-4B4A-9980-23A1B6A10775}.Release|Any CPU.ActiveCfg = Release|Any CPU
		{572792C9-B571-4B4A-9980-23A1B6A10775}.Release|Any CPU.Build.0 = Release|Any CPU
		{2368B849-AA5D-43FF-9B08-221B10694FDC}.Debug|Any CPU.ActiveCfg = Debug|Any CPU
		{2368B849-AA5D-43FF-9B08-221B10694FDC}.Debug|Any CPU.Build.0 = Debug|Any CPU
		{2368B849-AA5D-43FF-9B08-221B10694FDC}.Release|Any CPU.ActiveCfg = Release|Any CPU
		{2368B849-AA5D-43FF-9B08-221B10694FDC}.Release|Any CPU.Build.0 = Release|Any CPU
		{C9960995-EFA3-43D0-932D-7AB3C4582FD5}.Debug|Any CPU.ActiveCfg = Debug|Any CPU
		{C9960995-EFA3-43D0-932D-7AB3C4582FD5}.Debug|Any CPU.Build.0 = Debug|Any CPU
		{C9960995-EFA3-43D0-932D-7AB3C4582FD5}.Release|Any CPU.ActiveCfg = Release|Any CPU
		{C9960995-EFA3-43D0-932D-7AB3C4582FD5}.Release|Any CPU.Build.0 = Release|Any CPU
	EndGlobalSection
	GlobalSection(SolutionProperties) = preSolution
		HideSolutionNode = FALSE
	EndGlobalSection
EndGlobal
